{
  "name": "spent",
  "version": "0.0.1",
  "lockfileVersion": 1,
  "requires": true,
  "dependencies": {
    "getopts": {
      "version": "2.3.0",
      "resolved": "https://registry.npmjs.org/getopts/-/getopts-2.3.0.tgz",
      "integrity": "sha512-5eDf9fuSXwxBL6q5HX+dhDj+dslFGWzU5thZ9kNKUkcPtaPdatmUFKwHFrLb/uf/WpA4BHET+AX3Scl56cAjpA=="
    },
    "wargs": {
      "version": "0.9.3",
      "resolved": "https://registry.npmjs.org/wargs/-/wargs-0.9.3.tgz",
      "integrity": "sha512-Py7rqGDrceMI+ugh0dBHvXt6EW4ziFPFbCfTI7w/kN7B9WvrJUDD2EZBgyUhZBkD3Op45pLqb/s1tS0Kx9x34w==",
      "requires": {
        "getopts": "^2.2.5"
      }
    }
  }
}
